// !$*UTF8*$!
{
	archiveVersion = 1;
	classes = {
	};
	objectVersion = 48;
	objects = {

/* Begin PBXBuildFile section */
		253B9CCA1FAC768E0009EB3D /* PMColorHelpers.swift in Sources */ = {isa = PBXBuildFile; fileRef = 253B9CC91FAC768E0009EB3D /* PMColorHelpers.swift */; };
		253B9CCC1FAC76C90009EB3D /* spire_dark.png in Resources */ = {isa = PBXBuildFile; fileRef = 253B9CCB1FAC76C90009EB3D /* spire_dark.png */; };
		253B9CCE1FAC78C40009EB3D /* PMPropertyInfoViewController.swift in Sources */ = {isa = PBXBuildFile; fileRef = 253B9CCD1FAC78C40009EB3D /* PMPropertyInfoViewController.swift */; };
		257276B21FABFEE000BC5BE9 /* AppDelegate.swift in Sources */ = {isa = PBXBuildFile; fileRef = 257276B11FABFEE000BC5BE9 /* AppDelegate.swift */; };
		257276B41FABFEE000BC5BE9 /* ViewController.swift in Sources */ = {isa = PBXBuildFile; fileRef = 257276B31FABFEE000BC5BE9 /* ViewController.swift */; };
		257276B71FABFEE000BC5BE9 /* Main.storyboard in Resources */ = {isa = PBXBuildFile; fileRef = 257276B51FABFEE000BC5BE9 /* Main.storyboard */; };
		257276B91FABFEE000BC5BE9 /* Assets.xcassets in Resources */ = {isa = PBXBuildFile; fileRef = 257276B81FABFEE000BC5BE9 /* Assets.xcassets */; };
		257276BC1FABFEE000BC5BE9 /* LaunchScreen.storyboard in Resources */ = {isa = PBXBuildFile; fileRef = 257276BA1FABFEE000BC5BE9 /* LaunchScreen.storyboard */; };
		259317F11FAC0803005C1E70 /* PMPropertiesViewController.swift in Sources */ = {isa = PBXBuildFile; fileRef = 259317F01FAC0803005C1E70 /* PMPropertiesViewController.swift */; };
		259317F31FAC0893005C1E70 /* PMIconGenerator.swift in Sources */ = {isa = PBXBuildFile; fileRef = 259317F21FAC0893005C1E70 /* PMIconGenerator.swift */; };
		259317F81FAC1CF3005C1E70 /* PMPropertiesListView.swift in Sources */ = {isa = PBXBuildFile; fileRef = 259317F71FAC1CF3005C1E70 /* PMPropertiesListView.swift */; };
		259317FA1FAC1D03005C1E70 /* PMPropertiesMapView.swift in Sources */ = {isa = PBXBuildFile; fileRef = 259317F91FAC1D03005C1E70 /* PMPropertiesMapView.swift */; };
		25CB94D51FAC033F00A58AF5 /* PMDataManager.swift in Sources */ = {isa = PBXBuildFile; fileRef = 25CB94D41FAC033F00A58AF5 /* PMDataManager.swift */; };
		25CB94D71FAC036E00A58AF5 /* PMProperty.swift in Sources */ = {isa = PBXBuildFile; fileRef = 25CB94D61FAC036E00A58AF5 /* PMProperty.swift */; };
		25CB94D91FAC03FA00A58AF5 /* PMCustomStructs.swift in Sources */ = {isa = PBXBuildFile; fileRef = 25CB94D81FAC03FA00A58AF5 /* PMCustomStructs.swift */; };
		25E5D0021FAC67DA00C3C19F /* MapKit.framework in Frameworks */ = {isa = PBXBuildFile; fileRef = 25E5D0011FAC67CE00C3C19F /* MapKit.framework */; };
		25E5D0051FAC6BF900C3C19F /* PMCalendarViewController.swift in Sources */ = {isa = PBXBuildFile; fileRef = 25E5D0041FAC6BF900C3C19F /* PMCalendarViewController.swift */; };
		25E5D0081FAC6E7900C3C19F /* JMPropertyCollectionViewCell.swift in Sources */ = {isa = PBXBuildFile; fileRef = 25E5D0061FAC6E7900C3C19F /* JMPropertyCollectionViewCell.swift */; };
		25E5D0091FAC6E7900C3C19F /* JMPropertyCollectionViewCell.xib in Resources */ = {isa = PBXBuildFile; fileRef = 25E5D0071FAC6E7900C3C19F /* JMPropertyCollectionViewCell.xib */; };
		D5B20E8407B9D576F36AEC4E /* Pods_property_management_app.framework in Frameworks */ = {isa = PBXBuildFile; fileRef = BE3412ADA4FE60048AE7DBA0 /* Pods_property_management_app.framework */; };
/* End PBXBuildFile section */

/* Begin PBXFileReference section */
		253B9CC91FAC768E0009EB3D /* PMColorHelpers.swift */ = {isa = PBXFileReference; lastKnownFileType = sourcecode.swift; path = PMColorHelpers.swift; sourceTree = "<group>"; };
		253B9CCB1FAC76C90009EB3D /* spire_dark.png */ = {isa = PBXFileReference; lastKnownFileType = image.png; name = spire_dark.png; path = "../../../../../../temp/spiration dark/spire_dark.png"; sourceTree = "<group>"; };
		253B9CCD1FAC78C40009EB3D /* PMPropertyInfoViewController.swift */ = {isa = PBXFileReference; lastKnownFileType = sourcecode.swift; path = PMPropertyInfoViewController.swift; sourceTree = "<group>"; };
		257276AE1FABFEE000BC5BE9 /* property_management_app.app */ = {isa = PBXFileReference; explicitFileType = wrapper.application; includeInIndex = 0; path = property_management_app.app; sourceTree = BUILT_PRODUCTS_DIR; };
		257276B11FABFEE000BC5BE9 /* AppDelegate.swift */ = {isa = PBXFileReference; lastKnownFileType = sourcecode.swift; path = AppDelegate.swift; sourceTree = "<group>"; };
		257276B31FABFEE000BC5BE9 /* ViewController.swift */ = {isa = PBXFileReference; lastKnownFileType = sourcecode.swift; path = ViewController.swift; sourceTree = "<group>"; };
		257276B61FABFEE000BC5BE9 /* Base */ = {isa = PBXFileReference; lastKnownFileType = file.storyboard; name = Base; path = Base.lproj/Main.storyboard; sourceTree = "<group>"; };
		257276B81FABFEE000BC5BE9 /* Assets.xcassets */ = {isa = PBXFileReference; lastKnownFileType = folder.assetcatalog; path = Assets.xcassets; sourceTree = "<group>"; };
		257276BB1FABFEE000BC5BE9 /* Base */ = {isa = PBXFileReference; lastKnownFileType = file.storyboard; name = Base; path = Base.lproj/LaunchScreen.storyboard; sourceTree = "<group>"; };
		257276BD1FABFEE000BC5BE9 /* Info.plist */ = {isa = PBXFileReference; lastKnownFileType = text.plist.xml; path = Info.plist; sourceTree = "<group>"; };
		259317F01FAC0803005C1E70 /* PMPropertiesViewController.swift */ = {isa = PBXFileReference; lastKnownFileType = sourcecode.swift; path = PMPropertiesViewController.swift; sourceTree = "<group>"; };
		259317F21FAC0893005C1E70 /* PMIconGenerator.swift */ = {isa = PBXFileReference; lastKnownFileType = sourcecode.swift; path = PMIconGenerator.swift; sourceTree = "<group>"; };
		259317F71FAC1CF3005C1E70 /* PMPropertiesListView.swift */ = {isa = PBXFileReference; lastKnownFileType = sourcecode.swift; path = PMPropertiesListView.swift; sourceTree = "<group>"; };
		259317F91FAC1D03005C1E70 /* PMPropertiesMapView.swift */ = {isa = PBXFileReference; lastKnownFileType = sourcecode.swift; path = PMPropertiesMapView.swift; sourceTree = "<group>"; };
		25CB94D41FAC033F00A58AF5 /* PMDataManager.swift */ = {isa = PBXFileReference; lastKnownFileType = sourcecode.swift; path = PMDataManager.swift; sourceTree = "<group>"; };
		25CB94D61FAC036E00A58AF5 /* PMProperty.swift */ = {isa = PBXFileReference; lastKnownFileType = sourcecode.swift; path = PMProperty.swift; sourceTree = "<group>"; };
		25CB94D81FAC03FA00A58AF5 /* PMCustomStructs.swift */ = {isa = PBXFileReference; lastKnownFileType = sourcecode.swift; path = PMCustomStructs.swift; sourceTree = "<group>"; };
		25E5D0011FAC67CE00C3C19F /* MapKit.framework */ = {isa = PBXFileReference; lastKnownFileType = wrapper.framework; name = MapKit.framework; path = System/Library/Frameworks/MapKit.framework; sourceTree = SDKROOT; };
		25E5D0041FAC6BF900C3C19F /* PMCalendarViewController.swift */ = {isa = PBXFileReference; lastKnownFileType = sourcecode.swift; path = PMCalendarViewController.swift; sourceTree = "<group>"; };
		25E5D0061FAC6E7900C3C19F /* JMPropertyCollectionViewCell.swift */ = {isa = PBXFileReference; lastKnownFileType = sourcecode.swift; path = JMPropertyCollectionViewCell.swift; sourceTree = "<group>"; };
		25E5D0071FAC6E7900C3C19F /* JMPropertyCollectionViewCell.xib */ = {isa = PBXFileReference; lastKnownFileType = file.xib; path = JMPropertyCollectionViewCell.xib; sourceTree = "<group>"; };
		BE3412ADA4FE60048AE7DBA0 /* Pods_property_management_app.framework */ = {isa = PBXFileReference; explicitFileType = wrapper.framework; includeInIndex = 0; path = Pods_property_management_app.framework; sourceTree = BUILT_PRODUCTS_DIR; };
		EA3E996D74A7A075FDD52486 /* Pods-property_management_app.debug.xcconfig */ = {isa = PBXFileReference; includeInIndex = 1; lastKnownFileType = text.xcconfig; name = "Pods-property_management_app.debug.xcconfig"; path = "Pods/Target Support Files/Pods-property_management_app/Pods-property_management_app.debug.xcconfig"; sourceTree = "<group>"; };
		F2D393EC05184E023BB93C3F /* Pods-property_management_app.release.xcconfig */ = {isa = PBXFileReference; includeInIndex = 1; lastKnownFileType = text.xcconfig; name = "Pods-property_management_app.release.xcconfig"; path = "Pods/Target Support Files/Pods-property_management_app/Pods-property_management_app.release.xcconfig"; sourceTree = "<group>"; };
/* End PBXFileReference section */

/* Begin PBXFrameworksBuildPhase section */
		257276AB1FABFEE000BC5BE9 /* Frameworks */ = {
			isa = PBXFrameworksBuildPhase;
			buildActionMask = 2147483647;
			files = (
				25E5D0021FAC67DA00C3C19F /* MapKit.framework in Frameworks */,
				D5B20E8407B9D576F36AEC4E /* Pods_property_management_app.framework in Frameworks */,
			);
			runOnlyForDeploymentPostprocessing = 0;
		};
/* End PBXFrameworksBuildPhase section */

/* Begin PBXGroup section */
		257276A51FABFEE000BC5BE9 = {
			isa = PBXGroup;
			children = (
				257276B01FABFEE000BC5BE9 /* property_management_app */,
				257276AF1FABFEE000BC5BE9 /* Products */,
				EC88E89C0318A61ECC76A0E4 /* Pods */,
				F49A7C2D462A49D69FE95DDA /* Frameworks */,
			);
			sourceTree = "<group>";
		};
		257276AF1FABFEE000BC5BE9 /* Products */ = {
			isa = PBXGroup;
			children = (
				257276AE1FABFEE000BC5BE9 /* property_management_app.app */,
			);
			name = Products;
			sourceTree = "<group>";
		};
		257276B01FABFEE000BC5BE9 /* property_management_app */ = {
			isa = PBXGroup;
			children = (
				253B9CCB1FAC76C90009EB3D /* spire_dark.png */,
				259317F51FAC0B96005C1E70 /* View Controllers */,
				259317F41FAC0ADE005C1E70 /* Builders */,
				25CB94DA1FAC042200A58AF5 /* Data Objects */,
				25CB94D81FAC03FA00A58AF5 /* PMCustomStructs.swift */,
				25CB94D41FAC033F00A58AF5 /* PMDataManager.swift */,
				257276B11FABFEE000BC5BE9 /* AppDelegate.swift */,
				257276B31FABFEE000BC5BE9 /* ViewController.swift */,
				257276B51FABFEE000BC5BE9 /* Main.storyboard */,
				257276B81FABFEE000BC5BE9 /* Assets.xcassets */,
				257276BA1FABFEE000BC5BE9 /* LaunchScreen.storyboard */,
				257276BD1FABFEE000BC5BE9 /* Info.plist */,
				253B9CC91FAC768E0009EB3D /* PMColorHelpers.swift */,
			);
			path = property_management_app;
			sourceTree = "<group>";
		};
		259317F41FAC0ADE005C1E70 /* Builders */ = {
			isa = PBXGroup;
			children = (
				259317F21FAC0893005C1E70 /* PMIconGenerator.swift */,
			);
			path = Builders;
			sourceTree = "<group>";
		};
		259317F51FAC0B96005C1E70 /* View Controllers */ = {
			isa = PBXGroup;
			children = (
				25E5D0031FAC6BE200C3C19F /* Calendar */,
				259317F61FAC0B9C005C1E70 /* Properties */,
				253B9CCD1FAC78C40009EB3D /* PMPropertyInfoViewController.swift */,
			);
			path = "View Controllers";
			sourceTree = "<group>";
		};
		259317F61FAC0B9C005C1E70 /* Properties */ = {
			isa = PBXGroup;
			children = (
				259317F01FAC0803005C1E70 /* PMPropertiesViewController.swift */,
				259317F71FAC1CF3005C1E70 /* PMPropertiesListView.swift */,
				259317F91FAC1D03005C1E70 /* PMPropertiesMapView.swift */,
				25E5D0061FAC6E7900C3C19F /* JMPropertyCollectionViewCell.swift */,
				25E5D0071FAC6E7900C3C19F /* JMPropertyCollectionViewCell.xib */,
			);
			path = Properties;
			sourceTree = "<group>";
		};
		25CB94DA1FAC042200A58AF5 /* Data Objects */ = {
			isa = PBXGroup;
			children = (
				25CB94D61FAC036E00A58AF5 /* PMProperty.swift */,
			);
			path = "Data Objects";
			sourceTree = "<group>";
		};
		25E5D0031FAC6BE200C3C19F /* Calendar */ = {
			isa = PBXGroup;
			children = (
				25E5D0041FAC6BF900C3C19F /* PMCalendarViewController.swift */,
			);
			path = Calendar;
			sourceTree = "<group>";
		};
		EC88E89C0318A61ECC76A0E4 /* Pods */ = {
			isa = PBXGroup;
			children = (
				EA3E996D74A7A075FDD52486 /* Pods-property_management_app.debug.xcconfig */,
				F2D393EC05184E023BB93C3F /* Pods-property_management_app.release.xcconfig */,
			);
			name = Pods;
			sourceTree = "<group>";
		};
		F49A7C2D462A49D69FE95DDA /* Frameworks */ = {
			isa = PBXGroup;
			children = (
				25E5D0011FAC67CE00C3C19F /* MapKit.framework */,
				BE3412ADA4FE60048AE7DBA0 /* Pods_property_management_app.framework */,
			);
			name = Frameworks;
			sourceTree = "<group>";
		};
/* End PBXGroup section */

/* Begin PBXNativeTarget section */
		257276AD1FABFEE000BC5BE9 /* property_management_app */ = {
			isa = PBXNativeTarget;
			buildConfigurationList = 257276C01FABFEE000BC5BE9 /* Build configuration list for PBXNativeTarget "property_management_app" */;
			buildPhases = (
				42FCDCE023EC234371F045D8 /* [CP] Check Pods Manifest.lock */,
				257276AA1FABFEE000BC5BE9 /* Sources */,
				257276AB1FABFEE000BC5BE9 /* Frameworks */,
				257276AC1FABFEE000BC5BE9 /* Resources */,
				0BB7B402719485180FD9F7A2 /* [CP] Embed Pods Frameworks */,
				BA2D8CB3F19D68978BDB99DD /* [CP] Copy Pods Resources */,
			);
			buildRules = (
			);
			dependencies = (
			);
			name = property_management_app;
			productName = property_management_app;
			productReference = 257276AE1FABFEE000BC5BE9 /* property_management_app.app */;
			productType = "com.apple.product-type.application";
		};
/* End PBXNativeTarget section */

/* Begin PBXProject section */
		257276A61FABFEE000BC5BE9 /* Project object */ = {
			isa = PBXProject;
			attributes = {
				LastSwiftUpdateCheck = 0900;
				LastUpgradeCheck = 0900;
				ORGANIZATIONNAME = "Tony Forsythe";
				TargetAttributes = {
					257276AD1FABFEE000BC5BE9 = {
						CreatedOnToolsVersion = 9.0.1;
						ProvisioningStyle = Automatic;
					};
				};
			};
			buildConfigurationList = 257276A91FABFEE000BC5BE9 /* Build configuration list for PBXProject "property_management_app" */;
			compatibilityVersion = "Xcode 8.0";
			developmentRegion = en;
			hasScannedForEncodings = 0;
			knownRegions = (
				en,
				Base,
			);
			mainGroup = 257276A51FABFEE000BC5BE9;
			productRefGroup = 257276AF1FABFEE000BC5BE9 /* Products */;
			projectDirPath = "";
			projectRoot = "";
			targets = (
				257276AD1FABFEE000BC5BE9 /* property_management_app */,
			);
		};
/* End PBXProject section */

/* Begin PBXResourcesBuildPhase section */
		257276AC1FABFEE000BC5BE9 /* Resources */ = {
			isa = PBXResourcesBuildPhase;
			buildActionMask = 2147483647;
			files = (
				253B9CCC1FAC76C90009EB3D /* spire_dark.png in Resources */,
				25E5D0091FAC6E7900C3C19F /* JMPropertyCollectionViewCell.xib in Resources */,
				257276BC1FABFEE000BC5BE9 /* LaunchScreen.storyboard in Resources */,
				257276B91FABFEE000BC5BE9 /* Assets.xcassets in Resources */,
				257276B71FABFEE000BC5BE9 /* Main.storyboard in Resources */,
			);
			runOnlyForDeploymentPostprocessing = 0;
		};
/* End PBXResourcesBuildPhase section */

/* Begin PBXShellScriptBuildPhase section */
		0BB7B402719485180FD9F7A2 /* [CP] Embed Pods Frameworks */ = {
			isa = PBXShellScriptBuildPhase;
			buildActionMask = 2147483647;
			files = (
			);
			inputPaths = (
			);
			name = "[CP] Embed Pods Frameworks";
			outputPaths = (
			);
			runOnlyForDeploymentPostprocessing = 0;
			shellPath = /bin/sh;
			shellScript = "\"${SRCROOT}/Pods/Target Support Files/Pods-property_management_app/Pods-property_management_app-frameworks.sh\"\n";
			showEnvVarsInLog = 0;
		};
		42FCDCE023EC234371F045D8 /* [CP] Check Pods Manifest.lock */ = {
			isa = PBXShellScriptBuildPhase;
			buildActionMask = 2147483647;
			files = (
			);
			inputPaths = (
			);
			name = "[CP] Check Pods Manifest.lock";
			outputPaths = (
			);
			runOnlyForDeploymentPostprocessing = 0;
			shellPath = /bin/sh;
			shellScript = "diff \"${PODS_ROOT}/../Podfile.lock\" \"${PODS_ROOT}/Manifest.lock\" > /dev/null\nif [ $? != 0 ] ; then\n    # print error to STDERR\n    echo \"error: The sandbox is not in sync with the Podfile.lock. Run 'pod install' or update your CocoaPods installation.\" >&2\n    exit 1\nfi\n";
			showEnvVarsInLog = 0;
		};
		BA2D8CB3F19D68978BDB99DD /* [CP] Copy Pods Resources */ = {
			isa = PBXShellScriptBuildPhase;
			buildActionMask = 2147483647;
			files = (
			);
			inputPaths = (
			);
			name = "[CP] Copy Pods Resources";
			outputPaths = (
			);
			runOnlyForDeploymentPostprocessing = 0;
			shellPath = /bin/sh;
			shellScript = "\"${SRCROOT}/Pods/Target Support Files/Pods-property_management_app/Pods-property_management_app-resources.sh\"\n";
			showEnvVarsInLog = 0;
		};
/* End PBXShellScriptBuildPhase section */

/* Begin PBXSourcesBuildPhase section */
		257276AA1FABFEE000BC5BE9 /* Sources */ = {
			isa = PBXSourcesBuildPhase;
			buildActionMask = 2147483647;
			files = (
				25CB94D51FAC033F00A58AF5 /* PMDataManager.swift in Sources */,
				259317FA1FAC1D03005C1E70 /* PMPropertiesMapView.swift in Sources */,
				25CB94D71FAC036E00A58AF5 /* PMProperty.swift in Sources */,
				259317F11FAC0803005C1E70 /* PMPropertiesViewController.swift in Sources */,
				257276B41FABFEE000BC5BE9 /* ViewController.swift in Sources */,
				257276B21FABFEE000BC5BE9 /* AppDelegate.swift in Sources */,
				253B9CCA1FAC768E0009EB3D /* PMColorHelpers.swift in Sources */,
				253B9CCE1FAC78C40009EB3D /* PMPropertyInfoViewController.swift in Sources */,
				25CB94D91FAC03FA00A58AF5 /* PMCustomStructs.swift in Sources */,
				259317F81FAC1CF3005C1E70 /* PMPropertiesListView.swift in Sources */,
				25E5D0081FAC6E7900C3C19F /* JMPropertyCollectionViewCell.swift in Sources */,
				259317F31FAC0893005C1E70 /* PMIconGenerator.swift in Sources */,
				25E5D0051FAC6BF900C3C19F /* PMCalendarViewController.swift in Sources */,
			);
			runOnlyForDeploymentPostprocessing = 0;
		};
/* End PBXSourcesBuildPhase section */

/* Begin PBXVariantGroup section */
		257276B51FABFEE000BC5BE9 /* Main.storyboard */ = {
			isa = PBXVariantGroup;
			children = (
				257276B61FABFEE000BC5BE9 /* Base */,
			);
			name = Main.storyboard;
			sourceTree = "<group>";
		};
		257276BA1FABFEE000BC5BE9 /* LaunchScreen.storyboard */ = {
			isa = PBXVariantGroup;
			children = (
				257276BB1FABFEE000BC5BE9 /* Base */,
			);
			name = LaunchScreen.storyboard;
			sourceTree = "<group>";
		};
/* End PBXVariantGroup section */

/* Begin XCBuildConfiguration section */
		257276BE1FABFEE000BC5BE9 /* Debug */ = {
			isa = XCBuildConfiguration;
			buildSettings = {
				ALWAYS_SEARCH_USER_PATHS = NO;
				CLANG_ANALYZER_NONNULL = YES;
				CLANG_ANALYZER_NUMBER_OBJECT_CONVERSION = YES_AGGRESSIVE;
				CLANG_CXX_LANGUAGE_STANDARD = "gnu++14";
				CLANG_CXX_LIBRARY = "libc++";
				CLANG_ENABLE_MODULES = YES;
				CLANG_ENABLE_OBJC_ARC = YES;
				CLANG_WARN_BLOCK_CAPTURE_AUTORELEASING = YES;
				CLANG_WARN_BOOL_CONVERSION = YES;
				CLANG_WARN_COMMA = YES;
				CLANG_WARN_CONSTANT_CONVERSION = YES;
				CLANG_WARN_DIRECT_OBJC_ISA_USAGE = YES_ERROR;
				CLANG_WARN_DOCUMENTATION_COMMENTS = YES;
				CLANG_WARN_EMPTY_BODY = YES;
				CLANG_WARN_ENUM_CONVERSION = YES;
				CLANG_WARN_INFINITE_RECURSION = YES;
				CLANG_WARN_INT_CONVERSION = YES;
				CLANG_WARN_NON_LITERAL_NULL_CONVERSION = YES;
				CLANG_WARN_OBJC_LITERAL_CONVERSION = YES;
				CLANG_WARN_OBJC_ROOT_CLASS = YES_ERROR;
				CLANG_WARN_RANGE_LOOP_ANALYSIS = YES;
				CLANG_WARN_STRICT_PROTOTYPES = YES;
				CLANG_WARN_SUSPICIOUS_MOVE = YES;
				CLANG_WARN_UNGUARDED_AVAILABILITY = YES_AGGRESSIVE;
				CLANG_WARN_UNREACHABLE_CODE = YES;
				CLANG_WARN__DUPLICATE_METHOD_MATCH = YES;
				CODE_SIGN_IDENTITY = "iPhone Developer";
				COPY_PHASE_STRIP = NO;
				DEBUG_INFORMATION_FORMAT = dwarf;
				ENABLE_STRICT_OBJC_MSGSEND = YES;
				ENABLE_TESTABILITY = YES;
				GCC_C_LANGUAGE_STANDARD = gnu11;
				GCC_DYNAMIC_NO_PIC = NO;
				GCC_NO_COMMON_BLOCKS = YES;
				GCC_OPTIMIZATION_LEVEL = 0;
				GCC_PREPROCESSOR_DEFINITIONS = (
					"DEBUG=1",
					"$(inherited)",
				);
				GCC_WARN_64_TO_32_BIT_CONVERSION = YES;
				GCC_WARN_ABOUT_RETURN_TYPE = YES_ERROR;
				GCC_WARN_UNDECLARED_SELECTOR = YES;
				GCC_WARN_UNINITIALIZED_AUTOS = YES_AGGRESSIVE;
				GCC_WARN_UNUSED_FUNCTION = YES;
				GCC_WARN_UNUSED_VARIABLE = YES;
				IPHONEOS_DEPLOYMENT_TARGET = 11.0;
				MTL_ENABLE_DEBUG_INFO = YES;
				ONLY_ACTIVE_ARCH = YES;
				SDKROOT = iphoneos;
				SWIFT_ACTIVE_COMPILATION_CONDITIONS = DEBUG;
				SWIFT_OPTIMIZATION_LEVEL = "-Onone";
			};
			name = Debug;
		};
		257276BF1FABFEE000BC5BE9 /* Release */ = {
			isa = XCBuildConfiguration;
			buildSettings = {
				ALWAYS_SEARCH_USER_PATHS = NO;
				CLANG_ANALYZER_NONNULL = YES;
				CLANG_ANALYZER_NUMBER_OBJECT_CONVERSION = YES_AGGRESSIVE;
				CLANG_CXX_LANGUAGE_STANDARD = "gnu++14";
				CLANG_CXX_LIBRARY = "libc++";
				CLANG_ENABLE_MODULES = YES;
				CLANG_ENABLE_OBJC_ARC = YES;
				CLANG_WARN_BLOCK_CAPTURE_AUTORELEASING = YES;
				CLANG_WARN_BOOL_CONVERSION = YES;
				CLANG_WARN_COMMA = YES;
				CLANG_WARN_CONSTANT_CONVERSION = YES;
				CLANG_WARN_DIRECT_OBJC_ISA_USAGE = YES_ERROR;
				CLANG_WARN_DOCUMENTATION_COMMENTS = YES;
				CLANG_WARN_EMPTY_BODY = YES;
				CLANG_WARN_ENUM_CONVERSION = YES;
				CLANG_WARN_INFINITE_RECURSION = YES;
				CLANG_WARN_INT_CONVERSION = YES;
				CLANG_WARN_NON_LITERAL_NULL_CONVERSION = YES;
				CLANG_WARN_OBJC_LITERAL_CONVERSION = YES;
				CLANG_WARN_OBJC_ROOT_CLASS = YES_ERROR;
				CLANG_WARN_RANGE_LOOP_ANALYSIS = YES;
				CLANG_WARN_STRICT_PROTOTYPES = YES;
				CLANG_WARN_SUSPICIOUS_MOVE = YES;
				CLANG_WARN_UNGUARDED_AVAILABILITY = YES_AGGRESSIVE;
				CLANG_WARN_UNREACHABLE_CODE = YES;
				CLANG_WARN__DUPLICATE_METHOD_MATCH = YES;
				CODE_SIGN_IDENTITY = "iPhone Developer";
				COPY_PHASE_STRIP = NO;
				DEBUG_INFORMATION_FORMAT = "dwarf-with-dsym";
				ENABLE_NS_ASSERTIONS = NO;
				ENABLE_STRICT_OBJC_MSGSEND = YES;
				GCC_C_LANGUAGE_STANDARD = gnu11;
				GCC_NO_COMMON_BLOCKS = YES;
				GCC_WARN_64_TO_32_BIT_CONVERSION = YES;
				GCC_WARN_ABOUT_RETURN_TYPE = YES_ERROR;
				GCC_WARN_UNDECLARED_SELECTOR = YES;
				GCC_WARN_UNINITIALIZED_AUTOS = YES_AGGRESSIVE;
				GCC_WARN_UNUSED_FUNCTION = YES;
				GCC_WARN_UNUSED_VARIABLE = YES;
				IPHONEOS_DEPLOYMENT_TARGET = 11.0;
				MTL_ENABLE_DEBUG_INFO = NO;
				SDKROOT = iphoneos;
				SWIFT_OPTIMIZATION_LEVEL = "-Owholemodule";
				VALIDATE_PRODUCT = YES;
			};
			name = Release;
		};
		257276C11FABFEE000BC5BE9 /* Debug */ = {
			isa = XCBuildConfiguration;
			baseConfigurationReference = EA3E996D74A7A075FDD52486 /* Pods-property_management_app.debug.xcconfig */;
			buildSettings = {
				ASSETCATALOG_COMPILER_APPICON_NAME = AppIcon;
				CODE_SIGN_STYLE = Automatic;
				DEVELOPMENT_TEAM = CB6W4HNRCM;
				INFOPLIST_FILE = property_management_app/Info.plist;
				LD_RUNPATH_SEARCH_PATHS = "$(inherited) @executable_path/Frameworks";
				PRODUCT_BUNDLE_IDENTIFIER = "pm.property-management-app";
				PRODUCT_NAME = "$(TARGET_NAME)";
				SWIFT_VERSION = 4.0;
				TARGETED_DEVICE_FAMILY = "1,2";
			};
			name = Debug;
		};
		257276C21FABFEE000BC5BE9 /* Release */ = {
			isa = XCBuildConfiguration;
			baseConfigurationReference = F2D393EC05184E023BB93C3F /* Pods-property_management_app.release.xcconfig */;
			buildSettings = {
				ASSETCATALOG_COMPILER_APPICON_NAME = AppIcon;
				CODE_SIGN_STYLE = Automatic;
				DEVELOPMENT_TEAM = CB6W4HNRCM;
				INFOPLIST_FILE = property_management_app/Info.plist;
				LD_RUNPATH_SEARCH_PATHS = "$(inherited) @executable_path/Frameworks";
				PRODUCT_BUNDLE_IDENTIFIER = "pm.property-management-app";
				PRODUCT_NAME = "$(TARGET_NAME)";
				SWIFT_VERSION = 4.0;
				TARGETED_DEVICE_FAMILY = "1,2";
			};
			name = Release;
		};
/* End XCBuildConfiguration section */

/* Begin XCConfigurationList section */
		257276A91FABFEE000BC5BE9 /* Build configuration list for PBXProject "property_management_app" */ = {
			isa = XCConfigurationList;
			buildConfigurations = (
				257276BE1FABFEE000BC5BE9 /* Debug */,
				257276BF1FABFEE000BC5BE9 /* Release */,
			);
			defaultConfigurationIsVisible = 0;
			defaultConfigurationName = Release;
		};
		257276C01FABFEE000BC5BE9 /* Build configuration list for PBXNativeTarget "property_management_app" */ = {
			isa = XCConfigurationList;
			buildConfigurations = (
				257276C11FABFEE000BC5BE9 /* Debug */,
				257276C21FABFEE000BC5BE9 /* Release */,
			);
			defaultConfigurationIsVisible = 0;
			defaultConfigurationName = Release;
		};
/* End XCConfigurationList section */
	};
	rootObject = 257276A61FABFEE000BC5BE9 /* Project object */;
}
